
Microsoft Visual Studio Solution File, Format Version 12.00
# Visual Studio Version 17
VisualStudioVersion = 17.14.36518.9 d17.14
MinimumVisualStudioVersion = 10.0.40219.1
Project("{FAE04EC0-301F-11D3-BF4B-00C04F79EFBC}") = "WebApplication", "WebApplication.csproj", "{AFF7339D-CC26-4D1E-B762-5B132EC479C7}"
EndProject
Global
	GlobalSection(SolutionConfigurationPlatforms) = preSolution
		Debug|Any CPU = Debug|Any CPU
		Release|Any CPU = Release|Any CPU
	EndGlobalSection
	GlobalSection(ProjectConfigurationPlatforms) = postSolution
		{AFF7339D-CC26-4D1E-B762-5B132EC479C7}.Debug|Any CPU.ActiveCfg = Debug|Any CPU
		{AFF7339D-CC26-4D1E-B762-5B132EC479C7}.Debug|Any CPU.Build.0 = Debug|Any CPU
		{AFF7339D-CC26-4D1E-B762-5B132EC479C7}.Release|Any CPU.ActiveCfg = Release|Any CPU
		{AFF7339D-CC26-4D1E-B762-5B132EC479C7}.Release|Any CPU.Build.0 = Release|Any CPU
	EndGlobalSection
	GlobalSection(SolutionProperties) = preSolution
		HideSolutionNode = FALSE
	EndGlobalSection
	GlobalSection(ExtensibilityGlobals) = postSolution
		SolutionGuid = {85A651C5-D68B-473A-9DAA-49821AC41BCD}
	EndGlobalSection
EndGlobal
